
Microsoft Visual Studio Solution File, Format Version 12.00
# Visual Studio Version 17
VisualStudioVersion = 17.0.32014.148
MinimumVisualStudioVersion = 10.0.40219.1
Project("{9A19103F-16F7-4668-BE54-9A1E7A4F7556}") = "WordleSolver", "WordleSolver\WordleSolver.csproj", "{FFB70B71-778E-4A8C-905C-D8DD6F898F99}"
EndProject
Project("{FAE04EC0-301F-11D3-BF4B-00C04F79EFBC}") = "WordleSolver.Benchmarks", "WordleSolver.Benchmarks\WordleSolver.Benchmarks.csproj", "{9ACD08F8-4CA6-48D5-B31D-18ADAC9CCCAE}"
EndProject
Project("{FAE04EC0-301F-11D3-BF4B-00C04F79EFBC}") = "WordleSolver.ClassLibrary", "WordleSolver.ClassLibrary\WordleSolver.ClassLibrary.csproj", "{9DF73389-7CB8-40EE-B6B5-33D9FB263F1A}"
EndProject
Global
	GlobalSection(SolutionConfigurationPlatforms) = preSolution
		Debug|Any CPU = Debug|Any CPU
		Release|Any CPU = Release|Any CPU
	EndGlobalSection
	GlobalSection(ProjectConfigurationPlatforms) = postSolution
		{FFB70B71-778E-4A8C-905C-D8DD6F898F99}.Debug|Any CPU.ActiveCfg = Debug|Any CPU
		{FFB70B71-778E-4A8C-905C-D8DD6F898F99}.Debug|Any CPU.Build.0 = Debug|Any CPU
		{FFB70B71-778E-4A8C-905C-D8DD6F898F99}.Release|Any CPU.ActiveCfg = Release|Any CPU
		{FFB70B71-778E-4A8C-905C-D8DD6F898F99}.Release|Any CPU.Build.0 = Release|Any CPU
		{9ACD08F8-4CA6-48D5-B31D-18ADAC9CCCAE}.Debug|Any CPU.ActiveCfg = Debug|Any CPU
		{9ACD08F8-4CA6-48D5-B31D-18ADAC9CCCAE}.Debug|Any CPU.Build.0 = Debug|Any CPU
		{9ACD08F8-4CA6-48D5-B31D-18ADAC9CCCAE}.Release|Any CPU.ActiveCfg = Release|Any CPU
		{9ACD08F8-4CA6-48D5-B31D-18ADAC9CCCAE}.Release|Any CPU.Build.0 = Release|Any CPU
		{9DF73389-7CB8-40EE-B6B5-33D9FB263F1A}.Debug|Any CPU.ActiveCfg = Debug|Any CPU
		{9DF73389-7CB8-40EE-B6B5-33D9FB263F1A}.Debug|Any CPU.Build.0 = Debug|Any CPU
		{9DF73389-7CB8-40EE-B6B5-33D9FB263F1A}.Release|Any CPU.ActiveCfg = Release|Any CPU
		{9DF73389-7CB8-40EE-B6B5-33D9FB263F1A}.Release|Any CPU.Build.0 = Release|Any CPU
	EndGlobalSection
	GlobalSection(SolutionProperties) = preSolution
		HideSolutionNode = FALSE
	EndGlobalSection
	GlobalSection(ExtensibilityGlobals) = postSolution
		SolutionGuid = {FEA9F02F-2C3F-4924-AFC2-6A7D46368FED}
	EndGlobalSection
EndGlobal
